<?xml version="1.0" encoding="utf-8"?>
<Project ToolsVersion="4.0" xmlns="http://schemas.microsoft.com/developer/msbuild/2003">
  <ItemGroup>
    <Filter Include="Source Files">
      <UniqueIdentifier>{4FC737F1-C7A5-4376-A066-2A32D752A2FF}</UniqueIdentifier>
      <Extensions>cpp;c;cc;cxx;def;odl;idl;hpj;bat;asm;asmx</Extensions>
    </Filter>
    <Filter Include="Header Files">
      <UniqueIdentifier>{93995380-89BD-4b04-88EB-625FBE52EBFB}</UniqueIdentifier>
      <Extensions>h;hh;hpp;hxx;hm;inl;inc;xsd</Extensions>
    </Filter>
    <Filter Include="Resource Files">
      <UniqueIdentifier>{67DA6AB6-F800-4c08-8B7A-83BB121AAD01}</UniqueIdentifier>
      <Extensions>rc;ico;cur;bmp;dlg;rc2;rct;bin;rgs;gif;jpg;jpeg;jpe;resx;tiff;tif;png;wav;mfcribbon-ms</Extensions>
    </Filter>
  </ItemGroup>
  <ItemGroup>
    <ClCompile Include="backbuffer.cpp">
      <Filter>Source Files</Filter>
    </ClCompile>
    <ClCompile Include="background.cpp">
      <Filter>Source Files</Filter>
    </ClCompile>
    <ClCompile Include="clock.cpp">
      <Filter>Source Files</Filter>
    </ClCompile>
    <ClCompile Include="entity.cpp">
      <Filter>Source Files</Filter>
    </ClCompile>
    <ClCompile Include="framecounter.cpp">
      <Filter>Source Files</Filter>
    </ClCompile>
    <ClCompile Include="game.cpp">
      <Filter>Source Files</Filter>
    </ClCompile>
    <ClCompile Include="level.cpp">
      <Filter>Source Files</Filter>
    </ClCompile>
    <ClCompile Include="main.cpp">
      <Filter>Source Files</Filter>
    </ClCompile>
    <ClCompile Include="sprite.cpp">
      <Filter>Source Files</Filter>
    </ClCompile>
    <ClCompile Include="playership.cpp">
      <Filter>Source Files</Filter>
    </ClCompile>
    <ClCompile Include="bullet.cpp">
      <Filter>Source Files</Filter>
    </ClCompile>
    <ClCompile Include="enemysmall.cpp">
      <Filter>Source Files</Filter>
    </ClCompile>
    <ClCompile Include="cargoship.cpp">
      <Filter>Source Files</Filter>
    </ClCompile>
    <ClCompile Include="cargo.cpp">
      <Filter>Source Files</Filter>
    </ClCompile>
    <ClCompile Include="enemyboss.cpp">
      <Filter>Source Files</Filter>
    </ClCompile>
    <ClCompile Include="menu.cpp">
      <Filter>Source Files</Filter>
    </ClCompile>
    <ClCompile Include="button.cpp">
      <Filter>Source Files</Filter>
    </ClCompile>
    <ClCompile Include="Credits.cpp">
      <Filter>Source Files</Filter>
    </ClCompile>
    <ClCompile Include="winlose.cpp">
      <Filter>Source Files</Filter>
    </ClCompile>
  </ItemGroup>
  <ItemGroup>
    <ClInclude Include="backbuffer.h">
      <Filter>Header Files</Filter>
    </ClInclude>
    <ClInclude Include="background.h">
      <Filter>Header Files</Filter>
    </ClInclude>
    <ClInclude Include="ball.h">
      <Filter>Header Files</Filter>
    </ClInclude>
    <ClInclude Include="brick.h">
      <Filter>Header Files</Filter>
    </ClInclude>
    <ClInclude Include="clock.h">
      <Filter>Header Files</Filter>
    </ClInclude>
    <ClInclude Include="entity.h">
      <Filter>Header Files</Filter>
    </ClInclude>
    <ClInclude Include="framecounter.h">
      <Filter>Header Files</Filter>
    </ClInclude>
    <ClInclude Include="game.h">
      <Filter>Header Files</Filter>
    </ClInclude>
    <ClInclude Include="level.h">
      <Filter>Header Files</Filter>
    </ClInclude>
    <ClInclude Include="resource.h">
      <Filter>Header Files</Filter>
    </ClInclude>
    <ClInclude Include="sprite.h">
      <Filter>Header Files</Filter>
    </ClInclude>
    <ClInclude Include="utils.h">
      <Filter>Header Files</Filter>
    </ClInclude>
    <ClInclude Include="playership.h">
      <Filter>Header Files</Filter>
    </ClInclude>
    <ClInclude Include="bullet.h">
      <Filter>Header Files</Filter>
    </ClInclude>
    <ClInclude Include="enemysmall.h">
      <Filter>Header Files</Filter>
    </ClInclude>
    <ClInclude Include="cargoship.h">
      <Filter>Header Files</Filter>
    </ClInclude>
    <ClInclude Include="cargo.h">
      <Filter>Header Files</Filter>
    </ClInclude>
    <ClInclude Include="enemyboss.h">
      <Filter>Header Files</Filter>
    </ClInclude>
    <ClInclude Include="menu.h">
      <Filter>Header Files</Filter>
    </ClInclude>
    <ClInclude Include="button.h">
      <Filter>Header Files</Filter>
    </ClInclude>
    <ClInclude Include="Credits.h">
      <Filter>Header Files</Filter>
    </ClInclude>
    <ClInclude Include="winlose.h">
      <Filter>Header Files</Filter>
    </ClInclude>
  </ItemGroup>
  <ItemGroup>
    <ResourceCompile Include="SpaceInvaders.rc">
      <Filter>Resource Files</Filter>
    </ResourceCompile>
  </ItemGroup>
  <ItemGroup>
    <Image Include="Sprites\MenuButton.bmp">
      <Filter>Resource Files</Filter>
    </Image>
    <Image Include="Sprites\MenuButtonMask.bmp">
      <Filter>Resource Files</Filter>
    </Image>
    <Image Include="Sprites\BallMask.bmp">
      <Filter>Resource Files</Filter>
    </Image>
    <Image Include="Sprites\BallSprite.bmp">
      <Filter>Resource Files</Filter>
    </Image>
    <Image Include="Sprites\PirateBoatMask.bmp">
      <Filter>Resource Files</Filter>
    </Image>
    <Image Include="Sprites\PirateBoat.bmp">
      <Filter>Resource Files</Filter>
    </Image>
    <Image Include="Sprites\HeliMask.bmp">
      <Filter>Resource Files</Filter>
    </Image>
    <Image Include="Sprites\Heli.bmp">
      <Filter>Resource Files</Filter>
    </Image>
    <Image Include="Sprites\TileWater.bmp">
      <Filter>Resource Files</Filter>
    </Image>
    <Image Include="Sprites\BackgroundMask.bmp">
      <Filter>Resource Files</Filter>
    </Image>
    <Image Include="Sprites\CargoShip.bmp">
      <Filter>Resource Files</Filter>
    </Image>
    <Image Include="Sprites\CargoShipMask.bmp">
      <Filter>Resource Files</Filter>
    </Image>
    <Image Include="Sprites\Cargo.bmp">
      <Filter>Resource Files</Filter>
    </Image>
    <Image Include="Sprites\CargoMask.bmp">
      <Filter>Resource Files</Filter>
    </Image>
    <Image Include="Sprites\Boss.bmp">
      <Filter>Resource Files</Filter>
    </Image>
    <Image Include="Sprites\BossMask.bmp">
      <Filter>Resource Files</Filter>
    </Image>
    <Image Include="Sprites\Credits.bmp">
      <Filter>Resource Files</Filter>
    </Image>
    <Image Include="Sprites\CreditsMask.bmp">
      <Filter>Resource Files</Filter>
    </Image>
    <Image Include="Sprites\MenuButtonCredits.bmp">
      <Filter>Resource Files</Filter>
    </Image>
    <Image Include="Sprites\MenuButtonExit.bmp">
      <Filter>Resource Files</Filter>
    </Image>
    <Image Include="Sprites\MenuButtonStart.bmp">
      <Filter>Resource Files</Filter>
    </Image>
    <Image Include="Sprites\Title.bmp">
      <Filter>Resource Files</Filter>
    </Image>
    <Image Include="Sprites\TitleMask.bmp">
      <Filter>Resource Files</Filter>
    </Image>
    <Image Include="Sprites\WinLose.bmp">
      <Filter>Resource Files</Filter>
    </Image>
    <Image Include="Sprites\WinLoseMask.bmp">
      <Filter>Resource Files</Filter>
    </Image>
  </ItemGroup>
  <ItemGroup>
    <Media Include="Sounds\BGM.wav">
      <Filter>Resource Files</Filter>
    </Media>
    <Media Include="Sounds\BOSS.wav">
      <Filter>Resource Files</Filter>
    </Media>
  </ItemGroup>
</Project>