<?xml version="1.0" encoding="utf-8"?>
<Project ToolsVersion="4.0" xmlns="http://schemas.microsoft.com/developer/msbuild/2003">
  <ItemGroup>
    <Filter Include="Source Files">
      <UniqueIdentifier>{4FC737F1-C7A5-4376-A066-2A32D752A2FF}</UniqueIdentifier>
      <Extensions>cpp;c;cc;cxx;def;odl;idl;hpj;bat;asm;asmx</Extensions>
    </Filter>
    <Filter Include="Header Files">
      <UniqueIdentifier>{93995380-89BD-4b04-88EB-625FBE52EBFB}</UniqueIdentifier>
      <Extensions>h;hh;hpp;hxx;hm;inl;inc;ipp;xsd</Extensions>
    </Filter>
    <Filter Include="Resource Files">
      <UniqueIdentifier>{67DA6AB6-F800-4c08-8B7A-83BB121AAD01}</UniqueIdentifier>
      <Extensions>rc;ico;cur;bmp;dlg;rc2;rct;bin;rgs;gif;jpg;jpeg;jpe;resx;tiff;tif;png;wav;mfcribbon-ms</Extensions>
    </Filter>
    <Filter Include="Header Files\Networking">
      <UniqueIdentifier>{7dfe13b4-14cf-4093-a90d-e0b8d51fabe7}</UniqueIdentifier>
    </Filter>
    <Filter Include="Source Files\Networking">
      <UniqueIdentifier>{f06ef82b-2e17-4b65-ad17-838db551eebe}</UniqueIdentifier>
    </Filter>
    <Filter Include="Header Files\Levels">
      <UniqueIdentifier>{8a324e38-807e-440d-ae84-6ff16787125c}</UniqueIdentifier>
    </Filter>
    <Filter Include="Source Files\Levels">
      <UniqueIdentifier>{b8ac89db-a3a8-4bf0-a779-b908e9713c51}</UniqueIdentifier>
    </Filter>
    <Filter Include="Source Files\Objects">
      <UniqueIdentifier>{9ee618e4-6127-45a5-8ddf-0da386eb321a}</UniqueIdentifier>
    </Filter>
    <Filter Include="Header Files\Objects">
      <UniqueIdentifier>{6cda3b88-b011-48fd-a517-cf6181e9316a}</UniqueIdentifier>
    </Filter>
    <Filter Include="Header Files\Framework">
      <UniqueIdentifier>{874fb279-1d95-4abb-bf41-c175aa74de32}</UniqueIdentifier>
    </Filter>
    <Filter Include="Source Files\Framework">
      <UniqueIdentifier>{028b35f4-818f-4c98-b2f6-00060dd65b2b}</UniqueIdentifier>
    </Filter>
  </ItemGroup>
  <ItemGroup>
    <ClCompile Include="client.cpp">
      <Filter>Source Files\Networking</Filter>
    </ClCompile>
    <ClCompile Include="socket.cpp">
      <Filter>Source Files\Networking</Filter>
    </ClCompile>
    <ClCompile Include="server.cpp">
      <Filter>Source Files\Networking</Filter>
    </ClCompile>
    <ClCompile Include="aisandbox.cpp">
      <Filter>Source Files\Levels</Filter>
    </ClCompile>
    <ClCompile Include="resultscreen.cpp">
      <Filter>Source Files\Levels</Filter>
    </ClCompile>
    <ClCompile Include="swarmling.cpp">
      <Filter>Source Files\Objects</Filter>
    </ClCompile>
    <ClCompile Include="mothership.cpp">
      <Filter>Source Files\Objects</Filter>
    </ClCompile>
    <ClCompile Include="planet.cpp">
      <Filter>Source Files\Objects</Filter>
    </ClCompile>
    <ClCompile Include="mainmenu.cpp">
      <Filter>Source Files\Levels</Filter>
    </ClCompile>
    <ClCompile Include="assetloader.cpp">
      <Filter>Source Files\Framework</Filter>
    </ClCompile>
    <ClCompile Include="audiomanager.cpp">
      <Filter>Source Files\Framework</Filter>
    </ClCompile>
    <ClCompile Include="backstar.cpp">
      <Filter>Source Files\Framework</Filter>
    </ClCompile>
    <ClCompile Include="button.cpp">
      <Filter>Source Files\Framework</Filter>
    </ClCompile>
    <ClCompile Include="buttonset.cpp">
      <Filter>Source Files\Framework</Filter>
    </ClCompile>
    <ClCompile Include="camera.cpp">
      <Filter>Source Files\Framework</Filter>
    </ClCompile>
    <ClCompile Include="clock.cpp">
      <Filter>Source Files\Framework</Filter>
    </ClCompile>
    <ClCompile Include="cubemap.cpp">
      <Filter>Source Files\Framework</Filter>
    </ClCompile>
    <ClCompile Include="game.cpp">
      <Filter>Source Files\Framework</Filter>
    </ClCompile>
    <ClCompile Include="gameobject.cpp">
      <Filter>Source Files\Framework</Filter>
    </ClCompile>
    <ClCompile Include="inputmanager.cpp">
      <Filter>Source Files\Framework</Filter>
    </ClCompile>
    <ClCompile Include="level.cpp">
      <Filter>Source Files\Framework</Filter>
    </ClCompile>
    <ClCompile Include="main.cpp">
      <Filter>Source Files\Framework</Filter>
    </ClCompile>
    <ClCompile Include="mesh.cpp">
      <Filter>Source Files\Framework</Filter>
    </ClCompile>
    <ClCompile Include="meshsphere.cpp">
      <Filter>Source Files\Framework</Filter>
    </ClCompile>
    <ClCompile Include="particle.cpp">
      <Filter>Source Files\Framework</Filter>
    </ClCompile>
    <ClCompile Include="shaderloader.cpp">
      <Filter>Source Files\Framework</Filter>
    </ClCompile>
    <ClCompile Include="sprite.cpp">
      <Filter>Source Files\Framework</Filter>
    </ClCompile>
    <ClCompile Include="texter.cpp">
      <Filter>Source Files\Framework</Filter>
    </ClCompile>
    <ClCompile Include="netmanager.cpp">
      <Filter>Source Files\Networking</Filter>
    </ClCompile>
    <ClCompile Include="onlinelevel.cpp">
      <Filter>Source Files\Levels</Filter>
    </ClCompile>
    <ClCompile Include="sceneSolarSystem.cpp">
      <Filter>Source Files\Levels</Filter>
    </ClCompile>
  </ItemGroup>
  <ItemGroup>
    <ClInclude Include="client.h">
      <Filter>Header Files\Networking</Filter>
    </ClInclude>
    <ClInclude Include="networkentity.h">
      <Filter>Header Files\Networking</Filter>
    </ClInclude>
    <ClInclude Include="workqueue.h">
      <Filter>Header Files\Networking</Filter>
    </ClInclude>
    <ClInclude Include="socket.h">
      <Filter>Header Files\Networking</Filter>
    </ClInclude>
    <ClInclude Include="server.h">
      <Filter>Header Files\Networking</Filter>
    </ClInclude>
    <ClInclude Include="aisandbox.h">
      <Filter>Header Files\Levels</Filter>
    </ClInclude>
    <ClInclude Include="sceneSolarSystem.h">
      <Filter>Header Files\Levels</Filter>
    </ClInclude>
    <ClInclude Include="resultscreen.h">
      <Filter>Header Files\Levels</Filter>
    </ClInclude>
    <ClInclude Include="swarmling.h">
      <Filter>Header Files\Objects</Filter>
    </ClInclude>
    <ClInclude Include="planet.h">
      <Filter>Header Files\Objects</Filter>
    </ClInclude>
    <ClInclude Include="mothership.h">
      <Filter>Header Files\Objects</Filter>
    </ClInclude>
    <ClInclude Include="mainmenu.h">
      <Filter>Header Files\Levels</Filter>
    </ClInclude>
    <ClInclude Include="assetloader.h">
      <Filter>Header Files\Framework</Filter>
    </ClInclude>
    <ClInclude Include="audiomanager.h">
      <Filter>Header Files\Framework</Filter>
    </ClInclude>
    <ClInclude Include="backstar.h">
      <Filter>Header Files\Framework</Filter>
    </ClInclude>
    <ClInclude Include="button.h">
      <Filter>Header Files\Framework</Filter>
    </ClInclude>
    <ClInclude Include="buttonset.h">
      <Filter>Header Files\Framework</Filter>
    </ClInclude>
    <ClInclude Include="camera.h">
      <Filter>Header Files\Framework</Filter>
    </ClInclude>
    <ClInclude Include="clock.h">
      <Filter>Header Files\Framework</Filter>
    </ClInclude>
    <ClInclude Include="cubemap.h">
      <Filter>Header Files\Framework</Filter>
    </ClInclude>
    <ClInclude Include="game.h">
      <Filter>Header Files\Framework</Filter>
    </ClInclude>
    <ClInclude Include="gameobject.h">
      <Filter>Header Files\Framework</Filter>
    </ClInclude>
    <ClInclude Include="inputmanager.h">
      <Filter>Header Files\Framework</Filter>
    </ClInclude>
    <ClInclude Include="level.h">
      <Filter>Header Files\Framework</Filter>
    </ClInclude>
    <ClInclude Include="mesh.h">
      <Filter>Header Files\Framework</Filter>
    </ClInclude>
    <ClInclude Include="meshsphere.h">
      <Filter>Header Files\Framework</Filter>
    </ClInclude>
    <ClInclude Include="model.h">
      <Filter>Header Files\Framework</Filter>
    </ClInclude>
    <ClInclude Include="modelmesh.h">
      <Filter>Header Files\Framework</Filter>
    </ClInclude>
    <ClInclude Include="particle.h">
      <Filter>Header Files\Framework</Filter>
    </ClInclude>
    <ClInclude Include="shaderloader.h">
      <Filter>Header Files\Framework</Filter>
    </ClInclude>
    <ClInclude Include="sprite.h">
      <Filter>Header Files\Framework</Filter>
    </ClInclude>
    <ClInclude Include="texter.h">
      <Filter>Header Files\Framework</Filter>
    </ClInclude>
    <ClInclude Include="utils.h">
      <Filter>Header Files\Framework</Filter>
    </ClInclude>
    <ClInclude Include="netutils.h">
      <Filter>Header Files\Networking</Filter>
    </ClInclude>
    <ClInclude Include="netmanager.h">
      <Filter>Header Files\Networking</Filter>
    </ClInclude>
    <ClInclude Include="onlinelevel.h">
      <Filter>Header Files\Levels</Filter>
    </ClInclude>
  </ItemGroup>
</Project>